
Microsoft Visual Studio Solution File, Format Version 12.00
# Visual Studio for Mac
Project("{FAE04EC0-301F-11D3-BF4B-00C04F79EFBC}") = "Paths", "Assembly-CSharp.csproj", "{D6669601-057D-47CB-339F-8658F8287042}"
EndProject
Project("{FAE04EC0-301F-11D3-BF4B-00C04F79EFBC}") = "Paths", "Assembly-CSharp-Editor.csproj", "{170A4ED9-B26F-E9B5-5B43-4B53FC7CF406}"
EndProject
Global
	GlobalSection(SolutionConfigurationPlatforms) = preSolution
		Debug|Any CPU = Debug|Any CPU
		Release|Any CPU = Release|Any CPU
	EndGlobalSection
	GlobalSection(ProjectConfigurationPlatforms) = postSolution
		{D6669601-057D-47CB-339F-8658F8287042}.Debug|Any CPU.ActiveCfg = Debug|Any CPU
		{D6669601-057D-47CB-339F-8658F8287042}.Debug|Any CPU.Build.0 = Debug|Any CPU
		{D6669601-057D-47CB-339F-8658F8287042}.Release|Any CPU.ActiveCfg = Release|Any CPU
		{D6669601-057D-47CB-339F-8658F8287042}.Release|Any CPU.Build.0 = Release|Any CPU
		{170A4ED9-B26F-E9B5-5B43-4B53FC7CF406}.Debug|Any CPU.ActiveCfg = Debug|Any CPU
		{170A4ED9-B26F-E9B5-5B43-4B53FC7CF406}.Debug|Any CPU.Build.0 = Debug|Any CPU
		{170A4ED9-B26F-E9B5-5B43-4B53FC7CF406}.Release|Any CPU.ActiveCfg = Release|Any CPU
		{170A4ED9-B26F-E9B5-5B43-4B53FC7CF406}.Release|Any CPU.Build.0 = Release|Any CPU
	EndGlobalSection
	GlobalSection(SolutionProperties) = preSolution
		HideSolutionNode = FALSE
	EndGlobalSection
EndGlobal
